{
  "bin/bundle:3976421676": [
    [66, 5, 20, "ThreadSafety/ClassInstanceVariable: Avoid class instance variables.", 2485198147],
    [78, 5, 74, "Style/InvertibleUnlessCondition: Prefer `if Gem.rubygems_version >= Gem::Version.new(\"2.7.0\")` over `unless Gem.rubygems_version < Gem::Version.new(\"2.7.0\")`.", 2453573257]
  ],
  "lib/oauth2.rb:3930909031": [
    [31, 5, 21, "ThreadSafety/ClassAndModuleAttributes: Avoid mutating class and module attributes.", 622027168],
    [34, 11, 7, "ThreadSafety/ClassInstanceVariable: Avoid class instance variables.", 651502127]
  ],
  "lib/oauth2/authenticator.rb:3711266135": [
    [42, 5, 113, "Style/ClassMethodsDefinitions: Use `class << self` to define a class method.", 734523108]
  ],
  "lib/oauth2/filtered_attributes.rb:1202323815": [
    [3, 5, 63, "Style/ClassMethodsDefinitions: Use `class << self` to define a class method.", 2901108034],
    [9, 9, 25, "ThreadSafety/ClassInstanceVariable: Avoid class instance variables.", 2012823020],
    [13, 9, 25, "ThreadSafety/ClassInstanceVariable: Avoid class instance variables.", 2012823020]
  ],
  "lib/oauth2/response.rb:877496664": [
    [35, 5, 204, "Style/ClassMethodsDefinitions: Use `class << self` to define a class method.", 996912427]
  ],
  "oauth2.gemspec:823817436": [
    [32, 31, 2, "Lint/Syntax: unexpected token tLSHFT\n(Using Ruby 2.2 parser; configure using `TargetRubyVersion` parameter, under `AllCops`)", 5859461],
    [35, 64, 4, "Lint/Syntax: unexpected token tIDENTIFIER\n(Using Ruby 2.2 parser; configure using `TargetRubyVersion` parameter, under `AllCops`)", 2087698944],
    [35, 78, 9, "Lint/Syntax: unexpected token tIDENTIFIER\n(Using Ruby 2.2 parser; configure using `TargetRubyVersion` parameter, under `AllCops`)", 2902117850],
    [35, 94, 3, "Lint/Syntax: unexpected token kAND\n(Using Ruby 2.2 parser; configure using `TargetRubyVersion` parameter, under `AllCops`)", 193409806],
    [41, 7, 3, "Lint/Syntax: unexpected token tIDENTIFIER\n(Using Ruby 2.2 parser; configure using `TargetRubyVersion` parameter, under `AllCops`)", 193410195],
    [41, 25, 2, "Lint/Syntax: no .<digit> floating literal anymore; put 0 before dot\n(Using Ruby 2.2 parser; configure using `TargetRubyVersion` parameter, under `AllCops`)", 5859035],
    [41, 27, 3, "Lint/Syntax: no .<digit> floating literal anymore; put 0 before dot\n(Using Ruby 2.2 parser; configure using `TargetRubyVersion` parameter, under `AllCops`)", 193348138],
    [41, 38, 9, "Lint/Syntax: unexpected token tIDENTIFIER\n(Using Ruby 2.2 parser; configure using `TargetRubyVersion` parameter, under `AllCops`)", 2779422747],
    [41, 116, 2, "Lint/Syntax: unexpected token tIDENTIFIER\n(Using Ruby 2.2 parser; configure using `TargetRubyVersion` parameter, under `AllCops`)", 5861058],
    [42, 5, 4, "Lint/Syntax: unexpected token tIDENTIFIER\n(Using Ruby 2.2 parser; configure using `TargetRubyVersion` parameter, under `AllCops`)", 2087699184],
    [43, 6, 2, "Lint/Syntax: unexpected token tSYMBOL\n(Using Ruby 2.2 parser; configure using `TargetRubyVersion` parameter, under `AllCops`)", 5859664],
    [46, 11, 5, "Lint/Syntax: unexpected token tCONSTANT\n(Using Ruby 2.2 parser; configure using `TargetRubyVersion` parameter, under `AllCops`)", 208130522],
    [46, 29, 1, "Lint/Syntax: unexpected token tLPAREN2\n(Using Ruby 2.2 parser; configure using `TargetRubyVersion` parameter, under `AllCops`)", 177549],
    [47, 11, 6, "Lint/Syntax: unknown regexp options: grp\n(Using Ruby 2.2 parser; configure using `TargetRubyVersion` parameter, under `AllCops`)", 1394395017],
    [48, 19, 7, "Lint/Syntax: unexpected token tIDENTIFIER\n(Using Ruby 2.2 parser; configure using `TargetRubyVersion` parameter, under `AllCops`)", 1917612522],
    [48, 35, 1, "Lint/Syntax: unexpected token tINTEGER\n(Using Ruby 2.2 parser; configure using `TargetRubyVersion` parameter, under `AllCops`)", 177559],
    [48, 55, 2, "Lint/Syntax: unexpected token tIDENTIFIER\n(Using Ruby 2.2 parser; configure using `TargetRubyVersion` parameter, under `AllCops`)", 5861086],
    [48, 78, 4, "Lint/Syntax: unexpected token tIDENTIFIER\n(Using Ruby 2.2 parser; configure using `TargetRubyVersion` parameter, under `AllCops`)", 2087696263],
    [49, 34, 3, "Lint/Syntax: unexpected token tFLOAT\n(Using Ruby 2.2 parser; configure using `TargetRubyVersion` parameter, under `AllCops`)", 193360715],
    [49, 137, 4, "Lint/Syntax: unexpected token kTHEN\n(Using Ruby 2.2 parser; configure using `TargetRubyVersion` parameter, under `AllCops`)", 2087960114],
    [50, 65, 4, "Lint/Syntax: unexpected token tIDENTIFIER\n(Using Ruby 2.2 parser; configure using `TargetRubyVersion` parameter, under `AllCops`)", 2087760165],
    [50, 76, 9, "Lint/Syntax: unexpected token tIDENTIFIER\n(Using Ruby 2.2 parser; configure using `TargetRubyVersion` parameter, under `AllCops`)", 3934292795],
    [51, 1, 1, "Lint/Syntax: unexpected token tINTEGER\n(Using Ruby 2.2 parser; configure using `TargetRubyVersion` parameter, under `AllCops`)", 177553],
    [53, 29, 8, "Lint/Syntax: unexpected token tIDENTIFIER\n(Using Ruby 2.2 parser; configure using `TargetRubyVersion` parameter, under `AllCops`)", 2398562734],
    [54, 3, 6, "Lint/Syntax: unexpected token tLABEL\n(Using Ruby 2.2 parser; configure using `TargetRubyVersion` parameter, under `AllCops`)", 1598486836],
    [54, 11, 9, "Lint/Syntax: unknown regexp options: lbrapay\n(Using Ruby 2.2 parser; configure using `TargetRubyVersion` parameter, under `AllCops`)", 1036172892],
    [55, 11, 2, "Lint/Syntax: unknown regexp options: k\n(Using Ruby 2.2 parser; configure using `TargetRubyVersion` parameter, under `AllCops`)", 5861345],
    [56, 11, 3, "Lint/Syntax: unknown regexp options: www\n(Using Ruby 2.2 parser; configure using `TargetRubyVersion` parameter, under `AllCops`)", 193428850],
    [57, 11, 6, "Lint/Syntax: unknown regexp options: gthb\n(Using Ruby 2.2 parser; configure using `TargetRubyVersion` parameter, under `AllCops`)", 1391167104],
    [59, 34, 8, "Lint/Syntax: unexpected token tIDENTIFIER\n(Using Ruby 2.2 parser; configure using `TargetRubyVersion` parameter, under `AllCops`)", 2398562734],
    [59, 68, 3, "Lint/Syntax: unexpected token kAND\n(Using Ruby 2.2 parser; configure using `TargetRubyVersion` parameter, under `AllCops`)", 193409806],
    [59, 105, 1, "Lint/Syntax: unexpected token tIDENTIFIER\n(Using Ruby 2.2 parser; configure using `TargetRubyVersion` parameter, under `AllCops`)", 177604],
    [60, 11, 8, "Lint/Syntax: unknown regexp options: tdlft\n(Using Ruby 2.2 parser; configure using `TargetRubyVersion` parameter, under `AllCops`)", 911676110],
    [61, 34, 4, "Lint/Syntax: unexpected token tFID\n(Using Ruby 2.2 parser; configure using `TargetRubyVersion` parameter, under `AllCops`)", 2088000451],
    [63, 23, 3, "Lint/Syntax: unexpected token kAND\n(Using Ruby 2.2 parser; configure using `TargetRubyVersion` parameter, under `AllCops`)", 193409806],
    [65, 9, 1, "Lint/Syntax: unexpected token tPIPE\n(Using Ruby 2.2 parser; configure using `TargetRubyVersion` parameter, under `AllCops`)", 177625],
    [65, 18, 1, "Lint/Syntax: unexpected token tPIPE\n(Using Ruby 2.2 parser; configure using `TargetRubyVersion` parameter, under `AllCops`)", 177625],
    [125, 1, 3, "Lint/Syntax: unexpected token kEND\n(Using Ruby 2.2 parser; configure using `TargetRubyVersion` parameter, under `AllCops`)", 193405706]
  ],
  "spec/examples/google_spec.rb:1491180421": [
    [9, 3, 5115, "RSpec/MultipleMemoizedHelpers: Example group has too many memoized helpers [6/5]", 1014001606],
    [97, 5, 1016, "RSpec/MultipleMemoizedHelpers: Example group has too many memoized helpers [7/5]", 3156315524],
    [121, 5, 783, "RSpec/MultipleMemoizedHelpers: Example group has too many memoized helpers [7/5]", 1916865261]
  ],
  "spec/oauth2/access_token_spec.rb:656128421": [
    [3, 1, 34, "RSpec/SpecFilePathFormat: Spec path should end with `o_auth2/access_token*_spec.rb`.", 1972107547],
    [25, 3, 1935, "RSpec/MultipleMemoizedHelpers: Example group has too many memoized helpers [6/5]", 1152039306],
    [42, 5, 915, "RSpec/MultipleMemoizedHelpers: Example group has too many memoized helpers [6/5]", 1914441490],
    [56, 7, 507, "RSpec/MultipleMemoizedHelpers: Example group has too many memoized helpers [6/5]", 3775341637],
    [81, 5, 564, "RSpec/MultipleMemoizedHelpers: Example group has too many memoized helpers [6/5]", 935902373],
    [145, 7, 371, "RSpec/MultipleMemoizedHelpers: Example group has too many memoized helpers [6/5]", 81675473],
    [156, 7, 269, "RSpec/MultipleMemoizedHelpers: Example group has too many memoized helpers [6/5]", 2703574041],
    [166, 7, 343, "RSpec/MultipleMemoizedHelpers: Example group has too many memoized helpers [6/5]", 571450510],
    [177, 7, 1669, "RSpec/MultipleMemoizedHelpers: Example group has too many memoized helpers [6/5]", 2358061917],
    [185, 9, 218, "RSpec/MultipleMemoizedHelpers: Example group has too many memoized helpers [6/5]", 2937949503],
    [193, 9, 1211, "RSpec/MultipleMemoizedHelpers: Example group has too many memoized helpers [6/5]", 3948450440],
    [201, 11, 416, "RSpec/MultipleMemoizedHelpers: Example group has too many memoized helpers [6/5]", 3896472588],
    [206, 13, 238, "RSpec/MultipleMemoizedHelpers: Example group has too many memoized helpers [6/5]", 669428729],
    [215, 11, 249, "RSpec/MultipleMemoizedHelpers: Example group has too many memoized helpers [6/5]", 962614116],
    [223, 11, 248, "RSpec/MultipleMemoizedHelpers: Example group has too many memoized helpers [6/5]", 1923581233],
    [471, 5, 968, "RSpec/MultipleMemoizedHelpers: Example group has too many memoized helpers [7/5]", 908014549],
    [500, 5, 1224, "RSpec/MultipleMemoizedHelpers: Example group has too many memoized helpers [9/5]", 2179768666],
    [590, 13, 25, "RSpec/ContextWording: Context description should match /^when\\b/, /^with\\b/, or /^without\\b/.", 770233088],
    [641, 3, 3135, "RSpec/MultipleMemoizedHelpers: Example group has too many memoized helpers [8/5]", 2805647353],
    [660, 9, 101, "Style/ClassMethodsDefinitions: Use `class << self` to define a class method.", 3022740639],
    [664, 9, 79, "Style/ClassMethodsDefinitions: Use `class << self` to define a class method.", 2507338967],
    [672, 5, 472, "RSpec/MultipleMemoizedHelpers: Example group has too many memoized helpers [9/5]", 1289485551],
    [702, 5, 346, "RSpec/MultipleMemoizedHelpers: Example group has too many memoized helpers [8/5]", 2554883613],
    [712, 5, 398, "RSpec/MultipleMemoizedHelpers: Example group has too many memoized helpers [8/5]", 2789987624],
    [723, 5, 413, "RSpec/MultipleMemoizedHelpers: Example group has too many memoized helpers [8/5]", 1645012911],
    [734, 5, 263, "RSpec/MultipleMemoizedHelpers: Example group has too many memoized helpers [8/5]", 4224752268],
    [753, 3, 385, "RSpec/MultipleMemoizedHelpers: Example group has too many memoized helpers [6/5]", 293530329]
  ],
  "spec/oauth2/authenticator_spec.rb:3057923804": [
    [3, 1, 36, "RSpec/SpecFilePathFormat: Spec path should end with `o_auth2/authenticator*_spec.rb`.", 819808017],
    [51, 15, 20, "RSpec/ContextWording: Context description should match /^when\\b/, /^with\\b/, or /^without\\b/.", 482779785],
    [60, 15, 33, "RSpec/ContextWording: Context description should match /^when\\b/, /^with\\b/, or /^without\\b/.", 297534737],
    [69, 15, 38, "RSpec/ContextWording: Context description should match /^when\\b/, /^with\\b/, or /^without\\b/.", 1480816240],
    [79, 13, 23, "RSpec/ContextWording: Context description should match /^when\\b/, /^with\\b/, or /^without\\b/.", 2314399065]
  ],
  "spec/oauth2/client_spec.rb:3227433278": [
    [6, 1, 29, "RSpec/SpecFilePathFormat: Spec path should end with `o_auth2/client*_spec.rb`.", 439549885],
    [174, 7, 492, "RSpec/NoExpectationExample: No expectation found in this example.", 1272021224],
    [193, 7, 592, "RSpec/NoExpectationExample: No expectation found in this example.", 3428877205],
    [206, 15, 20, "RSpec/ContextWording: Context description should match /^when\\b/, /^with\\b/, or /^without\\b/.", 2320605227],
    [221, 15, 20, "RSpec/ContextWording: Context description should match /^when\\b/, /^with\\b/, or /^without\\b/.", 1276531672],
    [236, 15, 43, "RSpec/ContextWording: Context description should match /^when\\b/, /^with\\b/, or /^without\\b/.", 1383956904],
    [251, 15, 43, "RSpec/ContextWording: Context description should match /^when\\b/, /^with\\b/, or /^without\\b/.", 3376202107],
    [472, 7, 241, "RSpec/MultipleMemoizedHelpers: Example group has too many memoized helpers [6/5]", 1113144453],
    [479, 7, 233, "RSpec/MultipleMemoizedHelpers: Example group has too many memoized helpers [6/5]", 2616254065],
    [588, 5, 360, "RSpec/NoExpectationExample: No expectation found in this example.", 536201463],
    [597, 5, 461, "RSpec/NoExpectationExample: No expectation found in this example.", 3392600621],
    [608, 5, 340, "RSpec/NoExpectationExample: No expectation found in this example.", 244592251],
    [629, 5, 1711, "RSpec/MultipleMemoizedHelpers: Example group has too many memoized helpers [7/5]", 821658737],
    [641, 7, 564, "RSpec/MultipleMemoizedHelpers: Example group has too many memoized helpers [7/5]", 3188010848],
    [648, 9, 314, "RSpec/MultipleMemoizedHelpers: Example group has too many memoized helpers [8/5]", 2323166106],
    [653, 63, 2, "RSpec/BeEq: Prefer `be` over `eq`.", 5860785],
    [658, 7, 745, "RSpec/MultipleMemoizedHelpers: Example group has too many memoized helpers [7/5]", 2242274228],
    [661, 9, 379, "RSpec/MultipleMemoizedHelpers: Example group has too many memoized helpers [7/5]", 3157074309],
    [671, 9, 266, "RSpec/MultipleMemoizedHelpers: Example group has too many memoized helpers [7/5]", 165934392],
    [682, 5, 2992, "RSpec/MultipleMemoizedHelpers: Example group has too many memoized helpers [6/5]", 3212702825],
    [698, 11, 99, "Style/ClassMethodsDefinitions: Use `class << self` to define a class method.", 3084776886],
    [702, 11, 82, "Style/ClassMethodsDefinitions: Use `class << self` to define a class method.", 1524553529],
    [710, 7, 89, "RSpec/NoExpectationExample: No expectation found in this example.", 4609419],
    [714, 7, 812, "RSpec/MultipleMemoizedHelpers: Example group has too many memoized helpers [6/5]", 3531056573],
    [722, 9, 505, "RSpec/MultipleMemoizedHelpers: Example group has too many memoized helpers [7/5]", 2126944993],
    [738, 7, 571, "RSpec/MultipleMemoizedHelpers: Example group has too many memoized helpers [7/5]", 2450549440],
    [741, 9, 209, "RSpec/MultipleMemoizedHelpers: Example group has too many memoized helpers [7/5]", 1769133328],
    [749, 9, 262, "RSpec/MultipleMemoizedHelpers: Example group has too many memoized helpers [8/5]", 165934392],
    [759, 7, 275, "RSpec/MultipleMemoizedHelpers: Example group has too many memoized helpers [6/5]", 4192619324],
    [767, 7, 377, "RSpec/MultipleMemoizedHelpers: Example group has too many memoized helpers [6/5]", 1634937780],
    [782, 5, 1920, "RSpec/MultipleMemoizedHelpers: Example group has too many memoized helpers [6/5]", 3715188517],
    [798, 11, 99, "Style/ClassMethodsDefinitions: Use `class << self` to define a class method.", 3084776886],
    [802, 11, 82, "Style/ClassMethodsDefinitions: Use `class << self` to define a class method.", 1524553529],
    [810, 7, 298, "RSpec/MultipleMemoizedHelpers: Example group has too many memoized helpers [6/5]", 2420524519],
    [819, 7, 474, "RSpec/MultipleMemoizedHelpers: Example group has too many memoized helpers [6/5]", 2129407861],
    [831, 7, 357, "RSpec/MultipleMemoizedHelpers: Example group has too many memoized helpers [6/5]", 1696484657],
    [882, 17, 12, "RSpec/ContextWording: Context description should match /^when\\b/, /^with\\b/, or /^without\\b/.", 664794325],
    [907, 5, 459, "RSpec/NoExpectationExample: No expectation found in this example.", 2216851076],
    [917, 7, 450, "RSpec/NoExpectationExample: No expectation found in this example.", 2619808549]
  ],
  "spec/oauth2/error_spec.rb:1869444751": [
    [23, 1, 28, "RSpec/SpecFilePathFormat: Spec path should end with `o_auth2/error*_spec.rb`.", 3385870076],
    [93, 11, 534, "RSpec/NoExpectationExample: No expectation found in this example.", 3347340910],
    [109, 11, 210, "RSpec/NoExpectationExample: No expectation found in this example.", 3948582233],
    [241, 11, 534, "RSpec/NoExpectationExample: No expectation found in this example.", 3347340910],
    [257, 11, 210, "RSpec/NoExpectationExample: No expectation found in this example.", 3948582233],
    [315, 11, 534, "RSpec/NoExpectationExample: No expectation found in this example.", 3347340910],
    [376, 11, 534, "RSpec/NoExpectationExample: No expectation found in this example.", 3347340910],
    [392, 11, 210, "RSpec/NoExpectationExample: No expectation found in this example.", 3948582233]
  ],
  "spec/oauth2/response_spec.rb:3742350944": [
    [3, 1, 31, "RSpec/SpecFilePathFormat: Spec path should end with `o_auth2/response*_spec.rb`.", 3190869319],
    [317, 33, 2, "RSpec/BeEq: Prefer `be` over `eq`.", 5860785]
  ],
  "spec/oauth2/strategy/assertion_spec.rb:2689603075": [
    [6, 1, 42, "RSpec/SpecFilePathFormat: Spec path should end with `o_auth2/strategy/assertion*_spec.rb`.", 3665690869],
    [39, 3, 8004, "RSpec/MultipleMemoizedHelpers: Example group has too many memoized helpers [7/5]", 3790653154],
    [59, 5, 3375, "RSpec/MultipleMemoizedHelpers: Example group has too many memoized helpers [10/5]", 1213098407],
    [68, 7, 475, "RSpec/MultipleMemoizedHelpers: Example group has too many memoized helpers [10/5]", 3673049530],
    [83, 7, 511, "RSpec/MultipleMemoizedHelpers: Example group has too many memoized helpers [10/5]", 1482428850],
    [94, 9, 174, "RSpec/MultipleMemoizedHelpers: Example group has too many memoized helpers [10/5]", 509043384],
    [101, 7, 626, "RSpec/MultipleMemoizedHelpers: Example group has too many memoized helpers [10/5]", 1073364157],
    [112, 9, 276, "RSpec/MultipleMemoizedHelpers: Example group has too many memoized helpers [12/5]", 3402508104],
    [121, 7, 1439, "RSpec/MultipleMemoizedHelpers: Example group has too many memoized helpers [11/5]", 4214782678],
    [124, 9, 407, "RSpec/MultipleMemoizedHelpers: Example group has too many memoized helpers [11/5]", 2866741766],
    [134, 9, 268, "RSpec/MultipleMemoizedHelpers: Example group has too many memoized helpers [11/5]", 4208916299],
    [142, 9, 312, "RSpec/MultipleMemoizedHelpers: Example group has too many memoized helpers [11/5]", 4006695562],
    [152, 9, 300, "RSpec/MultipleMemoizedHelpers: Example group has too many memoized helpers [11/5]", 504386954],
    [164, 5, 2485, "RSpec/MultipleMemoizedHelpers: Example group has too many memoized helpers [7/5]", 3985973933],
    [165, 7, 1368, "RSpec/MultipleMemoizedHelpers: Example group has too many memoized helpers [7/5]", 975431363],
    [190, 7, 1057, "RSpec/MultipleMemoizedHelpers: Example group has too many memoized helpers [7/5]", 2712213015],
    [212, 5, 1639, "RSpec/MultipleMemoizedHelpers: Example group has too many memoized helpers [9/5]", 325089515],
    [217, 9, 1383, "RSpec/MultipleMemoizedHelpers: Example group has too many memoized helpers [9/5]", 2493875547],
    [246, 11, 260, "RSpec/MultipleMemoizedHelpers: Example group has too many memoized helpers [9/5]", 3397767518],
    [254, 11, 223, "RSpec/MultipleMemoizedHelpers: Example group has too many memoized helpers [9/5]", 242220550]
  ],
  "spec/oauth2/strategy/auth_code_spec.rb:142083698": [
    [4, 1, 41, "RSpec/SpecFilePathFormat: Spec path should end with `o_auth2/strategy/auth_code*_spec.rb`.", 1553708922],
    [4, 1, 5753, "RSpec/MultipleMemoizedHelpers: Example group has too many memoized helpers [7/5]", 833437399],
    [48, 3, 919, "RSpec/MultipleMemoizedHelpers: Example group has too many memoized helpers [7/5]", 3083983110],
    [75, 3, 522, "RSpec/MultipleMemoizedHelpers: Example group has too many memoized helpers [7/5]", 1383502446],
    [94, 3, 672, "RSpec/MultipleMemoizedHelpers: Example group has too many memoized helpers [7/5]", 3159970527],
    [119, 3, 372, "RSpec/MultipleMemoizedHelpers: Example group has too many memoized helpers [7/5]", 3139680688],
    [131, 7, 986, "RSpec/MultipleMemoizedHelpers: Example group has too many memoized helpers [7/5]", 2685471594]
  ],
  "spec/oauth2/strategy/base_spec.rb:2524881749": [
    [3, 1, 37, "RSpec/SpecFilePathFormat: Spec path should end with `o_auth2/strategy/base*_spec.rb`.", 1951594922]
  ],
  "spec/oauth2/strategy/client_credentials_spec.rb:2609739899": [
    [3, 1, 50, "RSpec/SpecFilePathFormat: Spec path should end with `o_auth2/strategy/client_credentials*_spec.rb`.", 690311422]
  ],
  "spec/oauth2/strategy/implicit_spec.rb:1595799281": [
    [3, 1, 41, "RSpec/SpecFilePathFormat: Spec path should end with `o_auth2/strategy/implicit*_spec.rb`.", 3731171632]
  ],
  "spec/oauth2/strategy/password_spec.rb:331601826": [
    [3, 1, 41, "RSpec/SpecFilePathFormat: Spec path should end with `o_auth2/strategy/password*_spec.rb`.", 3463323840]
  ],
  "spec/oauth2/version_spec.rb:2895330438": [
    [3, 1, 30, "RSpec/SpecFilePathFormat: Spec path should end with `o_auth2/version*_spec.rb`.", 1099517182]
  ],
  "spec/oauth2_spec.rb:1511642301": [
    [3, 1, 21, "RSpec/SpecFilePathFormat: Spec path should end with `o_auth2*_spec.rb`.", 3359091140],
    [5, 68, 2, "RSpec/BeEq: Prefer `be` over `eq`.", 5860785]
  ]
}
