{
  "bin/bundle:3976421676": [
    [66, 5, 20, "ThreadSafety/ClassInstanceVariable: Avoid class instance variables.", 2485198147],
    [78, 5, 74, "Style/InvertibleUnlessCondition: Prefer `if Gem.rubygems_version >= Gem::Version.new(\"2.7.0\")` over `unless Gem.rubygems_version < Gem::Version.new(\"2.7.0\")`.", 2453573257]
  ],
  "lib/oauth2.rb:65351186": [
    [38, 11, 7, "ThreadSafety/ClassInstanceVariable: Avoid class instance variables.", 651502127]
  ],
  "lib/oauth2/access_token.rb:558937598": [
    [64, 13, 5, "Style/IdenticalConditionalBranches: Move `t_key` out of the conditional.", 183811513],
    [70, 13, 5, "Style/IdenticalConditionalBranches: Move `t_key` out of the conditional.", 183811513]
  ],
  "lib/oauth2/authenticator.rb:63639854": [
    [42, 5, 113, "Style/ClassMethodsDefinitions: Use `class << self` to define a class method.", 734523108]
  ],
  "lib/oauth2/filtered_attributes.rb:1202323815": [
    [3, 5, 63, "Style/ClassMethodsDefinitions: Use `class << self` to define a class method.", 2901108034],
    [9, 9, 25, "ThreadSafety/ClassInstanceVariable: Avoid class instance variables.", 2012823020],
    [13, 9, 25, "ThreadSafety/ClassInstanceVariable: Avoid class instance variables.", 2012823020]
  ],
  "lib/oauth2/response.rb:2808363818": [
    [35, 5, 204, "Style/ClassMethodsDefinitions: Use `class << self` to define a class method.", 996912427]
  ],
  "oauth2.gemspec:1301437182": [
    [5, 23, 12, "Gemspec/RubyVersionGlobalsUsage: Do not use `RUBY_VERSION` in gemspec file.", 31296028]
  ],
  "spec/oauth2/access_token_spec.rb:443932125": [
    [3, 1, 34, "RSpec/SpecFilePathFormat: Spec path should end with `o_auth2/access_token*_spec.rb`.", 1972107547],
    [392, 142, 40, "Lint/LiteralInInterpolation: Literal interpolation detected.", 4210228387],
    [400, 142, 40, "Lint/LiteralInInterpolation: Literal interpolation detected.", 4210228387],
    [606, 142, 20, "Lint/LiteralInInterpolation: Literal interpolation detected.", 304063511],
    [632, 142, 20, "Lint/LiteralInInterpolation: Literal interpolation detected.", 304063511],
    [781, 13, 25, "RSpec/ContextWording: Context description should match /^when\\b/, /^with\\b/, or /^without\\b/.", 770233088],
    [851, 9, 101, "Style/ClassMethodsDefinitions: Use `class << self` to define a class method.", 3022740639],
    [855, 9, 79, "Style/ClassMethodsDefinitions: Use `class << self` to define a class method.", 2507338967]
  ],
  "spec/oauth2/authenticator_spec.rb:853320290": [
    [3, 1, 36, "RSpec/SpecFilePathFormat: Spec path should end with `o_auth2/authenticator*_spec.rb`.", 819808017],
    [51, 15, 20, "RSpec/ContextWording: Context description should match /^when\\b/, /^with\\b/, or /^without\\b/.", 482779785],
    [60, 15, 33, "RSpec/ContextWording: Context description should match /^when\\b/, /^with\\b/, or /^without\\b/.", 297534737],
    [69, 15, 38, "RSpec/ContextWording: Context description should match /^when\\b/, /^with\\b/, or /^without\\b/.", 1480816240],
    [79, 13, 23, "RSpec/ContextWording: Context description should match /^when\\b/, /^with\\b/, or /^without\\b/.", 2314399065]
  ],
  "spec/oauth2/client_spec.rb:1455422151": [
    [6, 1, 29, "RSpec/SpecFilePathFormat: Spec path should end with `o_auth2/client*_spec.rb`.", 439549885],
    [175, 7, 492, "RSpec/NoExpectationExample: No expectation found in this example.", 1272021224],
    [194, 7, 592, "RSpec/NoExpectationExample: No expectation found in this example.", 3428877205],
    [207, 15, 20, "RSpec/ContextWording: Context description should match /^when\\b/, /^with\\b/, or /^without\\b/.", 2320605227],
    [222, 15, 20, "RSpec/ContextWording: Context description should match /^when\\b/, /^with\\b/, or /^without\\b/.", 1276531672],
    [237, 15, 43, "RSpec/ContextWording: Context description should match /^when\\b/, /^with\\b/, or /^without\\b/.", 1383956904],
    [252, 15, 43, "RSpec/ContextWording: Context description should match /^when\\b/, /^with\\b/, or /^without\\b/.", 3376202107],
    [827, 5, 360, "RSpec/NoExpectationExample: No expectation found in this example.", 536201463],
    [836, 5, 461, "RSpec/NoExpectationExample: No expectation found in this example.", 3392600621],
    [847, 5, 340, "RSpec/NoExpectationExample: No expectation found in this example.", 244592251],
    [975, 11, 99, "Style/ClassMethodsDefinitions: Use `class << self` to define a class method.", 3084776886],
    [979, 11, 82, "Style/ClassMethodsDefinitions: Use `class << self` to define a class method.", 1524553529],
    [987, 7, 89, "RSpec/NoExpectationExample: No expectation found in this example.", 4609419],
    [1075, 11, 99, "Style/ClassMethodsDefinitions: Use `class << self` to define a class method.", 3084776886],
    [1079, 11, 82, "Style/ClassMethodsDefinitions: Use `class << self` to define a class method.", 1524553529],
    [1159, 17, 12, "RSpec/ContextWording: Context description should match /^when\\b/, /^with\\b/, or /^without\\b/.", 664794325]
  ],
  "spec/oauth2/error_spec.rb:1692696277": [
    [23, 1, 28, "RSpec/SpecFilePathFormat: Spec path should end with `o_auth2/error*_spec.rb`.", 3385870076],
    [93, 11, 460, "RSpec/NoExpectationExample: No expectation found in this example.", 3630511675],
    [108, 11, 210, "RSpec/NoExpectationExample: No expectation found in this example.", 3948582233],
    [240, 11, 534, "RSpec/NoExpectationExample: No expectation found in this example.", 3347340910],
    [256, 11, 210, "RSpec/NoExpectationExample: No expectation found in this example.", 3948582233],
    [314, 11, 534, "RSpec/NoExpectationExample: No expectation found in this example.", 3347340910],
    [375, 11, 534, "RSpec/NoExpectationExample: No expectation found in this example.", 3347340910],
    [391, 11, 210, "RSpec/NoExpectationExample: No expectation found in this example.", 3948582233]
  ],
  "spec/oauth2/response_spec.rb:3742350944": [
    [3, 1, 31, "RSpec/SpecFilePathFormat: Spec path should end with `o_auth2/response*_spec.rb`.", 3190869319],
    [317, 33, 2, "RSpec/BeEq: Prefer `be` over `eq`.", 5860785]
  ],
  "spec/oauth2/strategy/assertion_spec.rb:793170256": [
    [6, 1, 42, "RSpec/SpecFilePathFormat: Spec path should end with `o_auth2/strategy/assertion*_spec.rb`.", 3665690869]
  ],
  "spec/oauth2/strategy/auth_code_spec.rb:142083698": [
    [4, 1, 41, "RSpec/SpecFilePathFormat: Spec path should end with `o_auth2/strategy/auth_code*_spec.rb`.", 1553708922]
  ],
  "spec/oauth2/strategy/base_spec.rb:2524881749": [
    [3, 1, 37, "RSpec/SpecFilePathFormat: Spec path should end with `o_auth2/strategy/base*_spec.rb`.", 1951594922]
  ],
  "spec/oauth2/strategy/client_credentials_spec.rb:2609739899": [
    [3, 1, 50, "RSpec/SpecFilePathFormat: Spec path should end with `o_auth2/strategy/client_credentials*_spec.rb`.", 690311422]
  ],
  "spec/oauth2/strategy/implicit_spec.rb:1595799281": [
    [3, 1, 41, "RSpec/SpecFilePathFormat: Spec path should end with `o_auth2/strategy/implicit*_spec.rb`.", 3731171632]
  ],
  "spec/oauth2/strategy/password_spec.rb:331601826": [
    [3, 1, 41, "RSpec/SpecFilePathFormat: Spec path should end with `o_auth2/strategy/password*_spec.rb`.", 3463323840]
  ],
  "spec/oauth2/version_spec.rb:1001406821": [
    [3, 1, 30, "RSpec/SpecFilePathFormat: Spec path should end with `o_auth2/version*_spec.rb`.", 1099517182]
  ],
  "spec/oauth2_spec.rb:4211477230": [
    [3, 1, 21, "RSpec/SpecFilePathFormat: Spec path should end with `o_auth2*_spec.rb`.", 3359091140]
  ]
}
