{
  "README.md:620392337": [
    [305, 3, 1, "Layout/ClosingParenthesisIndentation: Indent `)` to column 0 (not 2)", 177548]
  ],
  "bin/bundle:3976421676": [
    [66, 5, 20, "ThreadSafety/ClassInstanceVariable: Avoid class instance variables.", 2485198147],
    [78, 5, 74, "Style/InvertibleUnlessCondition: Prefer `if Gem.rubygems_version >= Gem::Version.new(\"2.7.0\")` over `unless Gem.rubygems_version < Gem::Version.new(\"2.7.0\")`.", 2453573257]
  ],
  "lib/oauth2.rb:3930909031": [
    [31, 5, 21, "ThreadSafety/ClassAndModuleAttributes: Avoid mutating class and module attributes.", 622027168],
    [34, 11, 7, "ThreadSafety/ClassInstanceVariable: Avoid class instance variables.", 651502127]
  ],
  "lib/oauth2/authenticator.rb:3711266135": [
    [42, 5, 113, "Style/ClassMethodsDefinitions: Use `class << self` to define a class method.", 734523108]
  ],
  "lib/oauth2/filtered_attributes.rb:1202323815": [
    [3, 5, 63, "Style/ClassMethodsDefinitions: Use `class << self` to define a class method.", 2901108034],
    [9, 9, 25, "ThreadSafety/ClassInstanceVariable: Avoid class instance variables.", 2012823020],
    [13, 9, 25, "ThreadSafety/ClassInstanceVariable: Avoid class instance variables.", 2012823020]
  ],
  "lib/oauth2/response.rb:877496664": [
    [35, 5, 204, "Style/ClassMethodsDefinitions: Use `class << self` to define a class method.", 996912427]
  ],
  "oauth2.gemspec:4045332820": [
    [5, 6, 12, "Gemspec/RubyVersionGlobalsUsage: Do not use `RUBY_VERSION` in gemspec file.", 31296028],
    [117, 3, 54, "Gemspec/DependencyVersion: Dependency version specification is required.", 3677216839],
    [118, 3, 47, "Gemspec/DependencyVersion: Dependency version specification is required.", 2440116108],
    [120, 3, 46, "Gemspec/DependencyVersion: Dependency version specification is required.", 1075698341],
    [130, 3, 58, "Gemspec/DependencyVersion: Dependency version specification is required.", 2795510341],
    [131, 3, 52, "Gemspec/DependencyVersion: Dependency version specification is required.", 804182931],
    [132, 3, 52, "Gemspec/DependencyVersion: Dependency version specification is required.", 3163430777],
    [133, 3, 48, "Gemspec/DependencyVersion: Dependency version specification is required.", 425065368]
  ],
  "spec/examples/google_spec.rb:1491180421": [
    [9, 3, 5115, "RSpec/MultipleMemoizedHelpers: Example group has too many memoized helpers [6/5]", 1014001606],
    [97, 5, 1016, "RSpec/MultipleMemoizedHelpers: Example group has too many memoized helpers [7/5]", 3156315524],
    [121, 5, 783, "RSpec/MultipleMemoizedHelpers: Example group has too many memoized helpers [7/5]", 1916865261]
  ],
  "spec/oauth2/access_token_spec.rb:1576666213": [
    [3, 1, 34, "RSpec/SpecFilePathFormat: Spec path should end with `o_auth2/access_token*_spec.rb`.", 1972107547],
    [25, 3, 1935, "RSpec/MultipleMemoizedHelpers: Example group has too many memoized helpers [6/5]", 1152039306],
    [42, 5, 915, "RSpec/MultipleMemoizedHelpers: Example group has too many memoized helpers [6/5]", 1914441490],
    [56, 7, 507, "RSpec/MultipleMemoizedHelpers: Example group has too many memoized helpers [6/5]", 3775341637],
    [81, 5, 564, "RSpec/MultipleMemoizedHelpers: Example group has too many memoized helpers [6/5]", 935902373],
    [145, 7, 371, "RSpec/MultipleMemoizedHelpers: Example group has too many memoized helpers [6/5]", 81675473],
    [156, 7, 269, "RSpec/MultipleMemoizedHelpers: Example group has too many memoized helpers [6/5]", 2703574041],
    [166, 7, 343, "RSpec/MultipleMemoizedHelpers: Example group has too many memoized helpers [6/5]", 571450510],
    [177, 7, 1671, "RSpec/MultipleMemoizedHelpers: Example group has too many memoized helpers [6/5]", 2358061917],
    [185, 9, 218, "RSpec/MultipleMemoizedHelpers: Example group has too many memoized helpers [6/5]", 2937949503],
    [193, 9, 1213, "RSpec/MultipleMemoizedHelpers: Example group has too many memoized helpers [6/5]", 3948450440],
    [201, 11, 416, "RSpec/MultipleMemoizedHelpers: Example group has too many memoized helpers [6/5]", 3896472588],
    [206, 13, 238, "RSpec/MultipleMemoizedHelpers: Example group has too many memoized helpers [6/5]", 669428729],
    [215, 11, 250, "RSpec/MultipleMemoizedHelpers: Example group has too many memoized helpers [6/5]", 962614116],
    [223, 11, 249, "RSpec/MultipleMemoizedHelpers: Example group has too many memoized helpers [6/5]", 1923581233],
    [471, 5, 968, "RSpec/MultipleMemoizedHelpers: Example group has too many memoized helpers [7/5]", 908014549],
    [500, 5, 1224, "RSpec/MultipleMemoizedHelpers: Example group has too many memoized helpers [9/5]", 2179768666],
    [590, 13, 25, "RSpec/ContextWording: Context description should match /^when\\b/, /^with\\b/, or /^without\\b/.", 770233088],
    [641, 3, 3135, "RSpec/MultipleMemoizedHelpers: Example group has too many memoized helpers [8/5]", 2805647353],
    [660, 9, 101, "Style/ClassMethodsDefinitions: Use `class << self` to define a class method.", 3022740639],
    [664, 9, 79, "Style/ClassMethodsDefinitions: Use `class << self` to define a class method.", 2507338967],
    [672, 5, 472, "RSpec/MultipleMemoizedHelpers: Example group has too many memoized helpers [9/5]", 1289485551],
    [702, 5, 346, "RSpec/MultipleMemoizedHelpers: Example group has too many memoized helpers [8/5]", 2554883613],
    [712, 5, 398, "RSpec/MultipleMemoizedHelpers: Example group has too many memoized helpers [8/5]", 2789987624],
    [723, 5, 413, "RSpec/MultipleMemoizedHelpers: Example group has too many memoized helpers [8/5]", 1645012911],
    [734, 5, 263, "RSpec/MultipleMemoizedHelpers: Example group has too many memoized helpers [8/5]", 4224752268],
    [753, 3, 385, "RSpec/MultipleMemoizedHelpers: Example group has too many memoized helpers [6/5]", 293530329]
  ],
  "spec/oauth2/authenticator_spec.rb:853320290": [
    [3, 1, 36, "RSpec/SpecFilePathFormat: Spec path should end with `o_auth2/authenticator*_spec.rb`.", 819808017],
    [51, 15, 20, "RSpec/ContextWording: Context description should match /^when\\b/, /^with\\b/, or /^without\\b/.", 482779785],
    [60, 15, 33, "RSpec/ContextWording: Context description should match /^when\\b/, /^with\\b/, or /^without\\b/.", 297534737],
    [69, 15, 38, "RSpec/ContextWording: Context description should match /^when\\b/, /^with\\b/, or /^without\\b/.", 1480816240],
    [79, 13, 23, "RSpec/ContextWording: Context description should match /^when\\b/, /^with\\b/, or /^without\\b/.", 2314399065]
  ],
  "spec/oauth2/client_spec.rb:4220405778": [
    [6, 1, 29, "RSpec/SpecFilePathFormat: Spec path should end with `o_auth2/client*_spec.rb`.", 439549885],
    [174, 7, 492, "RSpec/NoExpectationExample: No expectation found in this example.", 1272021224],
    [193, 7, 592, "RSpec/NoExpectationExample: No expectation found in this example.", 3428877205],
    [206, 15, 20, "RSpec/ContextWording: Context description should match /^when\\b/, /^with\\b/, or /^without\\b/.", 2320605227],
    [221, 15, 20, "RSpec/ContextWording: Context description should match /^when\\b/, /^with\\b/, or /^without\\b/.", 1276531672],
    [236, 15, 43, "RSpec/ContextWording: Context description should match /^when\\b/, /^with\\b/, or /^without\\b/.", 1383956904],
    [251, 15, 43, "RSpec/ContextWording: Context description should match /^when\\b/, /^with\\b/, or /^without\\b/.", 3376202107],
    [472, 7, 241, "RSpec/MultipleMemoizedHelpers: Example group has too many memoized helpers [6/5]", 1113144453],
    [479, 7, 233, "RSpec/MultipleMemoizedHelpers: Example group has too many memoized helpers [6/5]", 2616254065],
    [585, 5, 360, "RSpec/NoExpectationExample: No expectation found in this example.", 536201463],
    [594, 5, 461, "RSpec/NoExpectationExample: No expectation found in this example.", 3392600621],
    [605, 5, 340, "RSpec/NoExpectationExample: No expectation found in this example.", 244592251],
    [626, 5, 1711, "RSpec/MultipleMemoizedHelpers: Example group has too many memoized helpers [7/5]", 821658737],
    [638, 7, 564, "RSpec/MultipleMemoizedHelpers: Example group has too many memoized helpers [7/5]", 3188010848],
    [645, 9, 314, "RSpec/MultipleMemoizedHelpers: Example group has too many memoized helpers [8/5]", 2323166106],
    [650, 63, 2, "RSpec/BeEq: Prefer `be` over `eq`.", 5860785],
    [655, 7, 745, "RSpec/MultipleMemoizedHelpers: Example group has too many memoized helpers [7/5]", 2242274228],
    [658, 9, 379, "RSpec/MultipleMemoizedHelpers: Example group has too many memoized helpers [7/5]", 3157074309],
    [668, 9, 266, "RSpec/MultipleMemoizedHelpers: Example group has too many memoized helpers [7/5]", 165934392],
    [679, 5, 2992, "RSpec/MultipleMemoizedHelpers: Example group has too many memoized helpers [6/5]", 3212702825],
    [695, 11, 99, "Style/ClassMethodsDefinitions: Use `class << self` to define a class method.", 3084776886],
    [699, 11, 82, "Style/ClassMethodsDefinitions: Use `class << self` to define a class method.", 1524553529],
    [707, 7, 89, "RSpec/NoExpectationExample: No expectation found in this example.", 4609419],
    [711, 7, 812, "RSpec/MultipleMemoizedHelpers: Example group has too many memoized helpers [6/5]", 3531056573],
    [719, 9, 505, "RSpec/MultipleMemoizedHelpers: Example group has too many memoized helpers [7/5]", 2126944993],
    [735, 7, 571, "RSpec/MultipleMemoizedHelpers: Example group has too many memoized helpers [7/5]", 2450549440],
    [738, 9, 209, "RSpec/MultipleMemoizedHelpers: Example group has too many memoized helpers [7/5]", 1769133328],
    [746, 9, 262, "RSpec/MultipleMemoizedHelpers: Example group has too many memoized helpers [8/5]", 165934392],
    [756, 7, 275, "RSpec/MultipleMemoizedHelpers: Example group has too many memoized helpers [6/5]", 4192619324],
    [764, 7, 377, "RSpec/MultipleMemoizedHelpers: Example group has too many memoized helpers [6/5]", 1634937780],
    [779, 5, 1920, "RSpec/MultipleMemoizedHelpers: Example group has too many memoized helpers [6/5]", 3715188517],
    [795, 11, 99, "Style/ClassMethodsDefinitions: Use `class << self` to define a class method.", 3084776886],
    [799, 11, 82, "Style/ClassMethodsDefinitions: Use `class << self` to define a class method.", 1524553529],
    [807, 7, 298, "RSpec/MultipleMemoizedHelpers: Example group has too many memoized helpers [6/5]", 2420524519],
    [816, 7, 474, "RSpec/MultipleMemoizedHelpers: Example group has too many memoized helpers [6/5]", 2129407861],
    [828, 7, 357, "RSpec/MultipleMemoizedHelpers: Example group has too many memoized helpers [6/5]", 1696484657],
    [879, 17, 12, "RSpec/ContextWording: Context description should match /^when\\b/, /^with\\b/, or /^without\\b/.", 664794325],
    [904, 5, 459, "RSpec/NoExpectationExample: No expectation found in this example.", 2216851076],
    [914, 7, 450, "RSpec/NoExpectationExample: No expectation found in this example.", 2619808549]
  ],
  "spec/oauth2/error_spec.rb:1209122273": [
    [23, 1, 28, "RSpec/SpecFilePathFormat: Spec path should end with `o_auth2/error*_spec.rb`.", 3385870076],
    [93, 11, 534, "RSpec/NoExpectationExample: No expectation found in this example.", 3347340910],
    [109, 11, 210, "RSpec/NoExpectationExample: No expectation found in this example.", 3948582233],
    [241, 11, 534, "RSpec/NoExpectationExample: No expectation found in this example.", 3347340910],
    [257, 11, 210, "RSpec/NoExpectationExample: No expectation found in this example.", 3948582233],
    [315, 11, 534, "RSpec/NoExpectationExample: No expectation found in this example.", 3347340910],
    [376, 11, 534, "RSpec/NoExpectationExample: No expectation found in this example.", 3347340910],
    [392, 11, 210, "RSpec/NoExpectationExample: No expectation found in this example.", 3948582233]
  ],
  "spec/oauth2/response_spec.rb:3742350944": [
    [3, 1, 31, "RSpec/SpecFilePathFormat: Spec path should end with `o_auth2/response*_spec.rb`.", 3190869319],
    [317, 33, 2, "RSpec/BeEq: Prefer `be` over `eq`.", 5860785]
  ],
  "spec/oauth2/strategy/assertion_spec.rb:1649395638": [
    [6, 1, 42, "RSpec/SpecFilePathFormat: Spec path should end with `o_auth2/strategy/assertion*_spec.rb`.", 3665690869],
    [39, 3, 8028, "RSpec/MultipleMemoizedHelpers: Example group has too many memoized helpers [7/5]", 3790653154],
    [59, 5, 3399, "RSpec/MultipleMemoizedHelpers: Example group has too many memoized helpers [10/5]", 1213098407],
    [68, 7, 475, "RSpec/MultipleMemoizedHelpers: Example group has too many memoized helpers [10/5]", 3673049530],
    [83, 7, 511, "RSpec/MultipleMemoizedHelpers: Example group has too many memoized helpers [10/5]", 1482428850],
    [94, 9, 174, "RSpec/MultipleMemoizedHelpers: Example group has too many memoized helpers [10/5]", 509043384],
    [101, 7, 626, "RSpec/MultipleMemoizedHelpers: Example group has too many memoized helpers [10/5]", 1073364157],
    [112, 9, 276, "RSpec/MultipleMemoizedHelpers: Example group has too many memoized helpers [12/5]", 3402508104],
    [121, 7, 1463, "RSpec/MultipleMemoizedHelpers: Example group has too many memoized helpers [11/5]", 631415582],
    [124, 9, 431, "RSpec/MultipleMemoizedHelpers: Example group has too many memoized helpers [11/5]", 1333000403],
    [134, 9, 268, "RSpec/MultipleMemoizedHelpers: Example group has too many memoized helpers [11/5]", 4208916299],
    [142, 9, 312, "RSpec/MultipleMemoizedHelpers: Example group has too many memoized helpers [11/5]", 4006695562],
    [152, 9, 300, "RSpec/MultipleMemoizedHelpers: Example group has too many memoized helpers [11/5]", 504386954],
    [164, 5, 2485, "RSpec/MultipleMemoizedHelpers: Example group has too many memoized helpers [7/5]", 3985973933],
    [165, 7, 1368, "RSpec/MultipleMemoizedHelpers: Example group has too many memoized helpers [7/5]", 975431363],
    [190, 7, 1057, "RSpec/MultipleMemoizedHelpers: Example group has too many memoized helpers [7/5]", 2712213015],
    [212, 5, 1639, "RSpec/MultipleMemoizedHelpers: Example group has too many memoized helpers [9/5]", 325089515],
    [217, 9, 1383, "RSpec/MultipleMemoizedHelpers: Example group has too many memoized helpers [9/5]", 2493875547],
    [246, 11, 260, "RSpec/MultipleMemoizedHelpers: Example group has too many memoized helpers [9/5]", 3397767518],
    [254, 11, 223, "RSpec/MultipleMemoizedHelpers: Example group has too many memoized helpers [9/5]", 242220550]
  ],
  "spec/oauth2/strategy/auth_code_spec.rb:142083698": [
    [4, 1, 41, "RSpec/SpecFilePathFormat: Spec path should end with `o_auth2/strategy/auth_code*_spec.rb`.", 1553708922],
    [4, 1, 5753, "RSpec/MultipleMemoizedHelpers: Example group has too many memoized helpers [7/5]", 833437399],
    [48, 3, 919, "RSpec/MultipleMemoizedHelpers: Example group has too many memoized helpers [7/5]", 3083983110],
    [75, 3, 522, "RSpec/MultipleMemoizedHelpers: Example group has too many memoized helpers [7/5]", 1383502446],
    [94, 3, 672, "RSpec/MultipleMemoizedHelpers: Example group has too many memoized helpers [7/5]", 3159970527],
    [119, 3, 372, "RSpec/MultipleMemoizedHelpers: Example group has too many memoized helpers [7/5]", 3139680688],
    [131, 7, 986, "RSpec/MultipleMemoizedHelpers: Example group has too many memoized helpers [7/5]", 2685471594]
  ],
  "spec/oauth2/strategy/base_spec.rb:2524881749": [
    [3, 1, 37, "RSpec/SpecFilePathFormat: Spec path should end with `o_auth2/strategy/base*_spec.rb`.", 1951594922]
  ],
  "spec/oauth2/strategy/client_credentials_spec.rb:2609739899": [
    [3, 1, 50, "RSpec/SpecFilePathFormat: Spec path should end with `o_auth2/strategy/client_credentials*_spec.rb`.", 690311422]
  ],
  "spec/oauth2/strategy/implicit_spec.rb:1595799281": [
    [3, 1, 41, "RSpec/SpecFilePathFormat: Spec path should end with `o_auth2/strategy/implicit*_spec.rb`.", 3731171632]
  ],
  "spec/oauth2/strategy/password_spec.rb:331601826": [
    [3, 1, 41, "RSpec/SpecFilePathFormat: Spec path should end with `o_auth2/strategy/password*_spec.rb`.", 3463323840]
  ],
  "spec/oauth2/version_spec.rb:2895330438": [
    [3, 1, 30, "RSpec/SpecFilePathFormat: Spec path should end with `o_auth2/version*_spec.rb`.", 1099517182]
  ],
  "spec/oauth2_spec.rb:1511642301": [
    [3, 1, 21, "RSpec/SpecFilePathFormat: Spec path should end with `o_auth2*_spec.rb`.", 3359091140],
    [5, 68, 2, "RSpec/BeEq: Prefer `be` over `eq`.", 5860785]
  ]
}
